
Microsoft Visual Studio Solution File, Format Version 12.00
# Visual Studio Version 17
VisualStudioVersion = 17.8.34309.116
MinimumVisualStudioVersion = 10.0.40219.1
Project("{2150E333-8FDC-42A3-9474-1A3956D46DE8}") = "01_OOP_paradigms", "01_OOP_paradigms", "{989571F7-7AD3-46B6-8ABF-2324BD7A612D}"
EndProject
Project("{2150E333-8FDC-42A3-9474-1A3956D46DE8}") = "02_SOLID_Principle", "02_SOLID_Principle", "{B5642D94-FC99-46DB-AADD-1390B88D7BB0}"
EndProject
Project("{9A19103F-16F7-4668-BE54-9A1E7A4F7556}") = "01_Encapsulation", "01_Encapsulation\01_Encapsulation.csproj", "{9E6BF1CC-1301-4152-AD6B-364653A5B44C}"
EndProject
Project("{9A19103F-16F7-4668-BE54-9A1E7A4F7556}") = "02_Inheritance", "02_Inheritance\02_Inheritance.csproj", "{3E425C4F-74AF-44BD-B5A5-1D1C61369F8C}"
EndProject
Project("{9A19103F-16F7-4668-BE54-9A1E7A4F7556}") = "03_Polymorphism", "03_Polymorphism\03_Polymorphism.csproj", "{BAE56D7D-A173-4DD5-BC14-C0F9E1E99A39}"
EndProject
Project("{9A19103F-16F7-4668-BE54-9A1E7A4F7556}") = "04_Abstraction", "04_Abstraction\04_Abstraction.csproj", "{889C7AA9-77C4-467D-A3D9-1821A7EB93D6}"
EndProject
Project("{9A19103F-16F7-4668-BE54-9A1E7A4F7556}") = "01_Encapsulation_Refactoring", "01_Encapsulation_Refactoring\01_Encapsulation_Refactoring.csproj", "{B31BAF5C-E994-4F39-954C-69CA275025F8}"
EndProject
Project("{9A19103F-16F7-4668-BE54-9A1E7A4F7556}") = "02_Inheritance_Refactoring", "02_Inheritance_Refactoring\02_Inheritance_Refactoring.csproj", "{D64AEB35-ACAF-42D6-92D4-FC9A3BF1231E}"
EndProject
Project("{9A19103F-16F7-4668-BE54-9A1E7A4F7556}") = "03_Polymorphism_Refactoring", "03_Polymorphism_Refactoring\03_Polymorphism_Refactoring.csproj", "{B4BA3F11-BC76-42DE-A3C2-9980976CD3AE}"
EndProject
Project("{9A19103F-16F7-4668-BE54-9A1E7A4F7556}") = "04_Abstraction_Refactoring", "04_Abstraction_Refactoring\04_Abstraction_Refactoring.csproj", "{B8523F79-22A7-4101-88CB-D2C4865BE61E}"
EndProject
Project("{9A19103F-16F7-4668-BE54-9A1E7A4F7556}") = "02_Inheritance_UpCast__&&_DownCast", "02_Inheritance_UpCast__&&_DownCast\02_Inheritance_UpCast__&&_DownCast.csproj", "{98834C84-7C4F-46E6-B4C5-75EC30BFFF13}"
EndProject
Project("{9A19103F-16F7-4668-BE54-9A1E7A4F7556}") = "05_01_SRP", "05_SRP\05_01_SRP.csproj", "{76EBE8F8-C31A-4297-8648-F9E2103895A8}"
EndProject
Project("{9A19103F-16F7-4668-BE54-9A1E7A4F7556}") = "06_01_OCP", "06_OCP\06_01_OCP.csproj", "{F980EEE6-F747-4953-A75A-5BE6EFE0ECFD}"
EndProject
Project("{9A19103F-16F7-4668-BE54-9A1E7A4F7556}") = "07_LSP", "07_LSP\07_LSP.csproj", "{AF296E61-AA9C-4871-A042-460E98DFDFD5}"
EndProject
Project("{9A19103F-16F7-4668-BE54-9A1E7A4F7556}") = "08_ISP", "08_ISP\08_ISP.csproj", "{7E672416-1ADB-4097-9ADE-6717E5BFC97D}"
EndProject
Project("{9A19103F-16F7-4668-BE54-9A1E7A4F7556}") = "05_03_SRP_Refactoring", "05_SRP_Refactoring\05_03_SRP_Refactoring.csproj", "{A9C530BD-3103-44B4-952A-1C9E9EF7105E}"
EndProject
Project("{9A19103F-16F7-4668-BE54-9A1E7A4F7556}") = "05_02_SRP_Test", "05_SRP_Test\05_02_SRP_Test.csproj", "{879619A9-038A-4B20-AD41-838C6A8BC806}"
EndProject
Project("{9A19103F-16F7-4668-BE54-9A1E7A4F7556}") = "05_04_SRP_Refactoring_Test", "05_04_SRP_Refactoring_Test\05_04_SRP_Refactoring_Test.csproj", "{560CA150-6FAA-4C97-8FF6-73727F5B2F00}"
EndProject
Project("{9A19103F-16F7-4668-BE54-9A1E7A4F7556}") = "06_02_OCP_Refactoring", "06_OCP_Refactoring\06_02_OCP_Refactoring.csproj", "{24674789-F627-4488-A320-B7195E8A2C3C}"
EndProject
Project("{9A19103F-16F7-4668-BE54-9A1E7A4F7556}") = "06_03_OCP_Example", "06_OCP_Delegates\06_03_OCP_Example.csproj", "{49E334E7-1140-43B3-8F16-ACA5722B9479}"
EndProject
Project("{9A19103F-16F7-4668-BE54-9A1E7A4F7556}") = "06_04_OCP_Example_Refactoring", "06_04_OCP_Example_Refactoring\06_04_OCP_Example_Refactoring.csproj", "{DBEF0D15-EA53-487B-9533-494D1244B101}"
EndProject
Project("{9A19103F-16F7-4668-BE54-9A1E7A4F7556}") = "07_LSP_Refactoring", "07_LSP_Refactoring\07_LSP_Refactoring.csproj", "{4CA8DFE2-AE6D-4C1D-8B9F-BFE0160D51CB}"
EndProject
Project("{9A19103F-16F7-4668-BE54-9A1E7A4F7556}") = "08_ISP_Refactoring", "08_ISP_Refactoring\08_ISP_Refactoring.csproj", "{A15C00D3-365F-4428-BBB3-B5F0653EBF5D}"
EndProject
Project("{FAE04EC0-301F-11D3-BF4B-00C04F79EFBC}") = "09_DIP", "09_DIP\09_DIP.csproj", "{EA45DA39-E92C-459D-83BD-FDCB3775538E}"
EndProject
Project("{FAE04EC0-301F-11D3-BF4B-00C04F79EFBC}") = "09_DIP_Refactoring", "09_DIP_Refactoring\09_DIP_Refactoring.csproj", "{0DB236EE-2D07-43C6-A689-B2DECACAC3F9}"
EndProject
Project("{FAE04EC0-301F-11D3-BF4B-00C04F79EFBC}") = "09_DIP_Types", "09_DIP_Types\09_DIP_Types.csproj", "{1BEF4B2B-3ADD-4EF7-AFAA-FD980BD3C9A1}"
EndProject
Global
	GlobalSection(SolutionConfigurationPlatforms) = preSolution
		Debug|Any CPU = Debug|Any CPU
		Release|Any CPU = Release|Any CPU
	EndGlobalSection
	GlobalSection(ProjectConfigurationPlatforms) = postSolution
		{9E6BF1CC-1301-4152-AD6B-364653A5B44C}.Debug|Any CPU.ActiveCfg = Debug|Any CPU
		{9E6BF1CC-1301-4152-AD6B-364653A5B44C}.Debug|Any CPU.Build.0 = Debug|Any CPU
		{9E6BF1CC-1301-4152-AD6B-364653A5B44C}.Release|Any CPU.ActiveCfg = Release|Any CPU
		{9E6BF1CC-1301-4152-AD6B-364653A5B44C}.Release|Any CPU.Build.0 = Release|Any CPU
		{3E425C4F-74AF-44BD-B5A5-1D1C61369F8C}.Debug|Any CPU.ActiveCfg = Debug|Any CPU
		{3E425C4F-74AF-44BD-B5A5-1D1C61369F8C}.Debug|Any CPU.Build.0 = Debug|Any CPU
		{3E425C4F-74AF-44BD-B5A5-1D1C61369F8C}.Release|Any CPU.ActiveCfg = Release|Any CPU
		{3E425C4F-74AF-44BD-B5A5-1D1C61369F8C}.Release|Any CPU.Build.0 = Release|Any CPU
		{BAE56D7D-A173-4DD5-BC14-C0F9E1E99A39}.Debug|Any CPU.ActiveCfg = Debug|Any CPU
		{BAE56D7D-A173-4DD5-BC14-C0F9E1E99A39}.Debug|Any CPU.Build.0 = Debug|Any CPU
		{BAE56D7D-A173-4DD5-BC14-C0F9E1E99A39}.Release|Any CPU.ActiveCfg = Release|Any CPU
		{BAE56D7D-A173-4DD5-BC14-C0F9E1E99A39}.Release|Any CPU.Build.0 = Release|Any CPU
		{889C7AA9-77C4-467D-A3D9-1821A7EB93D6}.Debug|Any CPU.ActiveCfg = Debug|Any CPU
		{889C7AA9-77C4-467D-A3D9-1821A7EB93D6}.Debug|Any CPU.Build.0 = Debug|Any CPU
		{889C7AA9-77C4-467D-A3D9-1821A7EB93D6}.Release|Any CPU.ActiveCfg = Release|Any CPU
		{889C7AA9-77C4-467D-A3D9-1821A7EB93D6}.Release|Any CPU.Build.0 = Release|Any CPU
		{B31BAF5C-E994-4F39-954C-69CA275025F8}.Debug|Any CPU.ActiveCfg = Debug|Any CPU
		{B31BAF5C-E994-4F39-954C-69CA275025F8}.Debug|Any CPU.Build.0 = Debug|Any CPU
		{B31BAF5C-E994-4F39-954C-69CA275025F8}.Release|Any CPU.ActiveCfg = Release|Any CPU
		{B31BAF5C-E994-4F39-954C-69CA275025F8}.Release|Any CPU.Build.0 = Release|Any CPU
		{D64AEB35-ACAF-42D6-92D4-FC9A3BF1231E}.Debug|Any CPU.ActiveCfg = Debug|Any CPU
		{D64AEB35-ACAF-42D6-92D4-FC9A3BF1231E}.Debug|Any CPU.Build.0 = Debug|Any CPU
		{D64AEB35-ACAF-42D6-92D4-FC9A3BF1231E}.Release|Any CPU.ActiveCfg = Release|Any CPU
		{D64AEB35-ACAF-42D6-92D4-FC9A3BF1231E}.Release|Any CPU.Build.0 = Release|Any CPU
		{B4BA3F11-BC76-42DE-A3C2-9980976CD3AE}.Debug|Any CPU.ActiveCfg = Debug|Any CPU
		{B4BA3F11-BC76-42DE-A3C2-9980976CD3AE}.Debug|Any CPU.Build.0 = Debug|Any CPU
		{B4BA3F11-BC76-42DE-A3C2-9980976CD3AE}.Release|Any CPU.ActiveCfg = Release|Any CPU
		{B4BA3F11-BC76-42DE-A3C2-9980976CD3AE}.Release|Any CPU.Build.0 = Release|Any CPU
		{B8523F79-22A7-4101-88CB-D2C4865BE61E}.Debug|Any CPU.ActiveCfg = Debug|Any CPU
		{B8523F79-22A7-4101-88CB-D2C4865BE61E}.Debug|Any CPU.Build.0 = Debug|Any CPU
		{B8523F79-22A7-4101-88CB-D2C4865BE61E}.Release|Any CPU.ActiveCfg = Release|Any CPU
		{B8523F79-22A7-4101-88CB-D2C4865BE61E}.Release|Any CPU.Build.0 = Release|Any CPU
		{98834C84-7C4F-46E6-B4C5-75EC30BFFF13}.Debug|Any CPU.ActiveCfg = Debug|Any CPU
		{98834C84-7C4F-46E6-B4C5-75EC30BFFF13}.Debug|Any CPU.Build.0 = Debug|Any CPU
		{98834C84-7C4F-46E6-B4C5-75EC30BFFF13}.Release|Any CPU.ActiveCfg = Release|Any CPU
		{98834C84-7C4F-46E6-B4C5-75EC30BFFF13}.Release|Any CPU.Build.0 = Release|Any CPU
		{76EBE8F8-C31A-4297-8648-F9E2103895A8}.Debug|Any CPU.ActiveCfg = Debug|Any CPU
		{76EBE8F8-C31A-4297-8648-F9E2103895A8}.Debug|Any CPU.Build.0 = Debug|Any CPU
		{76EBE8F8-C31A-4297-8648-F9E2103895A8}.Release|Any CPU.ActiveCfg = Release|Any CPU
		{76EBE8F8-C31A-4297-8648-F9E2103895A8}.Release|Any CPU.Build.0 = Release|Any CPU
		{F980EEE6-F747-4953-A75A-5BE6EFE0ECFD}.Debug|Any CPU.ActiveCfg = Debug|Any CPU
		{F980EEE6-F747-4953-A75A-5BE6EFE0ECFD}.Debug|Any CPU.Build.0 = Debug|Any CPU
		{F980EEE6-F747-4953-A75A-5BE6EFE0ECFD}.Release|Any CPU.ActiveCfg = Release|Any CPU
		{F980EEE6-F747-4953-A75A-5BE6EFE0ECFD}.Release|Any CPU.Build.0 = Release|Any CPU
		{AF296E61-AA9C-4871-A042-460E98DFDFD5}.Debug|Any CPU.ActiveCfg = Debug|Any CPU
		{AF296E61-AA9C-4871-A042-460E98DFDFD5}.Debug|Any CPU.Build.0 = Debug|Any CPU
		{AF296E61-AA9C-4871-A042-460E98DFDFD5}.Release|Any CPU.ActiveCfg = Release|Any CPU
		{AF296E61-AA9C-4871-A042-460E98DFDFD5}.Release|Any CPU.Build.0 = Release|Any CPU
		{7E672416-1ADB-4097-9ADE-6717E5BFC97D}.Debug|Any CPU.ActiveCfg = Debug|Any CPU
		{7E672416-1ADB-4097-9ADE-6717E5BFC97D}.Debug|Any CPU.Build.0 = Debug|Any CPU
		{7E672416-1ADB-4097-9ADE-6717E5BFC97D}.Release|Any CPU.ActiveCfg = Release|Any CPU
		{7E672416-1ADB-4097-9ADE-6717E5BFC97D}.Release|Any CPU.Build.0 = Release|Any CPU
		{A9C530BD-3103-44B4-952A-1C9E9EF7105E}.Debug|Any CPU.ActiveCfg = Debug|Any CPU
		{A9C530BD-3103-44B4-952A-1C9E9EF7105E}.Debug|Any CPU.Build.0 = Debug|Any CPU
		{A9C530BD-3103-44B4-952A-1C9E9EF7105E}.Release|Any CPU.ActiveCfg = Release|Any CPU
		{A9C530BD-3103-44B4-952A-1C9E9EF7105E}.Release|Any CPU.Build.0 = Release|Any CPU
		{879619A9-038A-4B20-AD41-838C6A8BC806}.Debug|Any CPU.ActiveCfg = Debug|Any CPU
		{879619A9-038A-4B20-AD41-838C6A8BC806}.Debug|Any CPU.Build.0 = Debug|Any CPU
		{879619A9-038A-4B20-AD41-838C6A8BC806}.Release|Any CPU.ActiveCfg = Release|Any CPU
		{879619A9-038A-4B20-AD41-838C6A8BC806}.Release|Any CPU.Build.0 = Release|Any CPU
		{560CA150-6FAA-4C97-8FF6-73727F5B2F00}.Debug|Any CPU.ActiveCfg = Debug|Any CPU
		{560CA150-6FAA-4C97-8FF6-73727F5B2F00}.Debug|Any CPU.Build.0 = Debug|Any CPU
		{560CA150-6FAA-4C97-8FF6-73727F5B2F00}.Release|Any CPU.ActiveCfg = Release|Any CPU
		{560CA150-6FAA-4C97-8FF6-73727F5B2F00}.Release|Any CPU.Build.0 = Release|Any CPU
		{24674789-F627-4488-A320-B7195E8A2C3C}.Debug|Any CPU.ActiveCfg = Debug|Any CPU
		{24674789-F627-4488-A320-B7195E8A2C3C}.Debug|Any CPU.Build.0 = Debug|Any CPU
		{24674789-F627-4488-A320-B7195E8A2C3C}.Release|Any CPU.ActiveCfg = Release|Any CPU
		{24674789-F627-4488-A320-B7195E8A2C3C}.Release|Any CPU.Build.0 = Release|Any CPU
		{49E334E7-1140-43B3-8F16-ACA5722B9479}.Debug|Any CPU.ActiveCfg = Debug|Any CPU
		{49E334E7-1140-43B3-8F16-ACA5722B9479}.Debug|Any CPU.Build.0 = Debug|Any CPU
		{49E334E7-1140-43B3-8F16-ACA5722B9479}.Release|Any CPU.ActiveCfg = Release|Any CPU
		{49E334E7-1140-43B3-8F16-ACA5722B9479}.Release|Any CPU.Build.0 = Release|Any CPU
		{DBEF0D15-EA53-487B-9533-494D1244B101}.Debug|Any CPU.ActiveCfg = Debug|Any CPU
		{DBEF0D15-EA53-487B-9533-494D1244B101}.Debug|Any CPU.Build.0 = Debug|Any CPU
		{DBEF0D15-EA53-487B-9533-494D1244B101}.Release|Any CPU.ActiveCfg = Release|Any CPU
		{DBEF0D15-EA53-487B-9533-494D1244B101}.Release|Any CPU.Build.0 = Release|Any CPU
		{4CA8DFE2-AE6D-4C1D-8B9F-BFE0160D51CB}.Debug|Any CPU.ActiveCfg = Debug|Any CPU
		{4CA8DFE2-AE6D-4C1D-8B9F-BFE0160D51CB}.Debug|Any CPU.Build.0 = Debug|Any CPU
		{4CA8DFE2-AE6D-4C1D-8B9F-BFE0160D51CB}.Release|Any CPU.ActiveCfg = Release|Any CPU
		{4CA8DFE2-AE6D-4C1D-8B9F-BFE0160D51CB}.Release|Any CPU.Build.0 = Release|Any CPU
		{A15C00D3-365F-4428-BBB3-B5F0653EBF5D}.Debug|Any CPU.ActiveCfg = Debug|Any CPU
		{A15C00D3-365F-4428-BBB3-B5F0653EBF5D}.Debug|Any CPU.Build.0 = Debug|Any CPU
		{A15C00D3-365F-4428-BBB3-B5F0653EBF5D}.Release|Any CPU.ActiveCfg = Release|Any CPU
		{A15C00D3-365F-4428-BBB3-B5F0653EBF5D}.Release|Any CPU.Build.0 = Release|Any CPU
		{EA45DA39-E92C-459D-83BD-FDCB3775538E}.Debug|Any CPU.ActiveCfg = Debug|Any CPU
		{EA45DA39-E92C-459D-83BD-FDCB3775538E}.Debug|Any CPU.Build.0 = Debug|Any CPU
		{EA45DA39-E92C-459D-83BD-FDCB3775538E}.Release|Any CPU.ActiveCfg = Release|Any CPU
		{EA45DA39-E92C-459D-83BD-FDCB3775538E}.Release|Any CPU.Build.0 = Release|Any CPU
		{0DB236EE-2D07-43C6-A689-B2DECACAC3F9}.Debug|Any CPU.ActiveCfg = Debug|Any CPU
		{0DB236EE-2D07-43C6-A689-B2DECACAC3F9}.Debug|Any CPU.Build.0 = Debug|Any CPU
		{0DB236EE-2D07-43C6-A689-B2DECACAC3F9}.Release|Any CPU.ActiveCfg = Release|Any CPU
		{0DB236EE-2D07-43C6-A689-B2DECACAC3F9}.Release|Any CPU.Build.0 = Release|Any CPU
		{1BEF4B2B-3ADD-4EF7-AFAA-FD980BD3C9A1}.Debug|Any CPU.ActiveCfg = Debug|Any CPU
		{1BEF4B2B-3ADD-4EF7-AFAA-FD980BD3C9A1}.Debug|Any CPU.Build.0 = Debug|Any CPU
		{1BEF4B2B-3ADD-4EF7-AFAA-FD980BD3C9A1}.Release|Any CPU.ActiveCfg = Release|Any CPU
		{1BEF4B2B-3ADD-4EF7-AFAA-FD980BD3C9A1}.Release|Any CPU.Build.0 = Release|Any CPU
	EndGlobalSection
	GlobalSection(SolutionProperties) = preSolution
		HideSolutionNode = FALSE
	EndGlobalSection
	GlobalSection(NestedProjects) = preSolution
		{9E6BF1CC-1301-4152-AD6B-364653A5B44C} = {989571F7-7AD3-46B6-8ABF-2324BD7A612D}
		{3E425C4F-74AF-44BD-B5A5-1D1C61369F8C} = {989571F7-7AD3-46B6-8ABF-2324BD7A612D}
		{BAE56D7D-A173-4DD5-BC14-C0F9E1E99A39} = {989571F7-7AD3-46B6-8ABF-2324BD7A612D}
		{889C7AA9-77C4-467D-A3D9-1821A7EB93D6} = {989571F7-7AD3-46B6-8ABF-2324BD7A612D}
		{B31BAF5C-E994-4F39-954C-69CA275025F8} = {989571F7-7AD3-46B6-8ABF-2324BD7A612D}
		{D64AEB35-ACAF-42D6-92D4-FC9A3BF1231E} = {989571F7-7AD3-46B6-8ABF-2324BD7A612D}
		{B4BA3F11-BC76-42DE-A3C2-9980976CD3AE} = {989571F7-7AD3-46B6-8ABF-2324BD7A612D}
		{B8523F79-22A7-4101-88CB-D2C4865BE61E} = {989571F7-7AD3-46B6-8ABF-2324BD7A612D}
		{98834C84-7C4F-46E6-B4C5-75EC30BFFF13} = {989571F7-7AD3-46B6-8ABF-2324BD7A612D}
		{76EBE8F8-C31A-4297-8648-F9E2103895A8} = {B5642D94-FC99-46DB-AADD-1390B88D7BB0}
		{F980EEE6-F747-4953-A75A-5BE6EFE0ECFD} = {B5642D94-FC99-46DB-AADD-1390B88D7BB0}
		{AF296E61-AA9C-4871-A042-460E98DFDFD5} = {B5642D94-FC99-46DB-AADD-1390B88D7BB0}
		{7E672416-1ADB-4097-9ADE-6717E5BFC97D} = {B5642D94-FC99-46DB-AADD-1390B88D7BB0}
		{A9C530BD-3103-44B4-952A-1C9E9EF7105E} = {B5642D94-FC99-46DB-AADD-1390B88D7BB0}
		{879619A9-038A-4B20-AD41-838C6A8BC806} = {B5642D94-FC99-46DB-AADD-1390B88D7BB0}
		{560CA150-6FAA-4C97-8FF6-73727F5B2F00} = {B5642D94-FC99-46DB-AADD-1390B88D7BB0}
		{24674789-F627-4488-A320-B7195E8A2C3C} = {B5642D94-FC99-46DB-AADD-1390B88D7BB0}
		{49E334E7-1140-43B3-8F16-ACA5722B9479} = {B5642D94-FC99-46DB-AADD-1390B88D7BB0}
		{DBEF0D15-EA53-487B-9533-494D1244B101} = {B5642D94-FC99-46DB-AADD-1390B88D7BB0}
		{4CA8DFE2-AE6D-4C1D-8B9F-BFE0160D51CB} = {B5642D94-FC99-46DB-AADD-1390B88D7BB0}
		{A15C00D3-365F-4428-BBB3-B5F0653EBF5D} = {B5642D94-FC99-46DB-AADD-1390B88D7BB0}
		{EA45DA39-E92C-459D-83BD-FDCB3775538E} = {B5642D94-FC99-46DB-AADD-1390B88D7BB0}
		{0DB236EE-2D07-43C6-A689-B2DECACAC3F9} = {B5642D94-FC99-46DB-AADD-1390B88D7BB0}
		{1BEF4B2B-3ADD-4EF7-AFAA-FD980BD3C9A1} = {B5642D94-FC99-46DB-AADD-1390B88D7BB0}
	EndGlobalSection
	GlobalSection(ExtensibilityGlobals) = postSolution
		SolutionGuid = {BD175162-2C1C-4F19-8825-23BC5FB06D88}
	EndGlobalSection
EndGlobal
